
Microsoft Visual Studio Solution File, Format Version 12.00
# Visual Studio Version 16
VisualStudioVersion = 16.0.29806.167
MinimumVisualStudioVersion = 10.0.40219.1
Project("{9A19103F-16F7-4668-BE54-9A1E7A4F7556}") = "api", "api\api.csproj", "{8463AA42-D735-460C-A124-316AD849534C}"
EndProject
Project("{9A19103F-16F7-4668-BE54-9A1E7A4F7556}") = "DataAccess", "DataAccess\DataAccess.csproj", "{52F06C0D-9596-47DA-A1EF-B158C4D81548}"
EndProject
Project("{9A19103F-16F7-4668-BE54-9A1E7A4F7556}") = "Models", "Models\Models.csproj", "{443CA0D4-8EF2-4DB4-9BC3-3C233EAC6AAD}"
EndProject
Global
	GlobalSection(SolutionConfigurationPlatforms) = preSolution
		Debug|Any CPU = Debug|Any CPU
		Release|Any CPU = Release|Any CPU
	EndGlobalSection
	GlobalSection(ProjectConfigurationPlatforms) = postSolution
		{8463AA42-D735-460C-A124-316AD849534C}.Debug|Any CPU.ActiveCfg = Debug|Any CPU
		{8463AA42-D735-460C-A124-316AD849534C}.Debug|Any CPU.Build.0 = Debug|Any CPU
		{8463AA42-D735-460C-A124-316AD849534C}.Release|Any CPU.ActiveCfg = Release|Any CPU
		{8463AA42-D735-460C-A124-316AD849534C}.Release|Any CPU.Build.0 = Release|Any CPU
		{52F06C0D-9596-47DA-A1EF-B158C4D81548}.Debug|Any CPU.ActiveCfg = Debug|Any CPU
		{52F06C0D-9596-47DA-A1EF-B158C4D81548}.Debug|Any CPU.Build.0 = Debug|Any CPU
		{52F06C0D-9596-47DA-A1EF-B158C4D81548}.Release|Any CPU.ActiveCfg = Release|Any CPU
		{52F06C0D-9596-47DA-A1EF-B158C4D81548}.Release|Any CPU.Build.0 = Release|Any CPU
		{443CA0D4-8EF2-4DB4-9BC3-3C233EAC6AAD}.Debug|Any CPU.ActiveCfg = Debug|Any CPU
		{443CA0D4-8EF2-4DB4-9BC3-3C233EAC6AAD}.Debug|Any CPU.Build.0 = Debug|Any CPU
		{443CA0D4-8EF2-4DB4-9BC3-3C233EAC6AAD}.Release|Any CPU.ActiveCfg = Release|Any CPU
		{443CA0D4-8EF2-4DB4-9BC3-3C233EAC6AAD}.Release|Any CPU.Build.0 = Release|Any CPU
	EndGlobalSection
	GlobalSection(SolutionProperties) = preSolution
		HideSolutionNode = FALSE
	EndGlobalSection
	GlobalSection(ExtensibilityGlobals) = postSolution
		SolutionGuid = {B69756F8-6559-4E16-9525-DE1EC1B4D5A4}
	EndGlobalSection
EndGlobal
